// !$*UTF8*$!
{
	archiveVersion = 1;
	classes = {
	};
	objectVersion = 56;
	objects = {

/* Begin PBXBuildFile section */
		5B78781E2AD191D500471A82 /* ChatGPTSwiftUIApp.swift in Sources */ = {isa = PBXBuildFile; fileRef = 5B78781D2AD191D500471A82 /* ChatGPTSwiftUIApp.swift */; };
		5B7878202AD191D500471A82 /* ContentView.swift in Sources */ = {isa = PBXBuildFile; fileRef = 5B78781F2AD191D500471A82 /* ContentView.swift */; };
		5B7878222AD191D500471A82 /* Item.swift in Sources */ = {isa = PBXBuildFile; fileRef = 5B7878212AD191D500471A82 /* Item.swift */; };
		5B7878242AD191D700471A82 /* Assets.xcassets in Resources */ = {isa = PBXBuildFile; fileRef = 5B7878232AD191D700471A82 /* Assets.xcassets */; };
		5B7878272AD191D700471A82 /* Preview Assets.xcassets in Resources */ = {isa = PBXBuildFile; fileRef = 5B7878262AD191D700471A82 /* Preview Assets.xcassets */; };
		5B7878332AD191D700471A82 /* ChatGPTSwiftUITests.swift in Sources */ = {isa = PBXBuildFile; fileRef = 5B7878322AD191D700471A82 /* ChatGPTSwiftUITests.swift */; };
		5B78783D2AD191D700471A82 /* ChatGPTSwiftUIUITests.swift in Sources */ = {isa = PBXBuildFile; fileRef = 5B78783C2AD191D700471A82 /* ChatGPTSwiftUIUITests.swift */; };
		5B78783F2AD191D700471A82 /* ChatGPTSwiftUIUITestsLaunchTests.swift in Sources */ = {isa = PBXBuildFile; fileRef = 5B78783E2AD191D700471A82 /* ChatGPTSwiftUIUITestsLaunchTests.swift */; };
/* End PBXBuildFile section */

/* Begin PBXContainerItemProxy section */
		5B78782F2AD191D700471A82 /* PBXContainerItemProxy */ = {
			isa = PBXContainerItemProxy;
			containerPortal = 5B7878122AD191D500471A82 /* Project object */;
			proxyType = 1;
			remoteGlobalIDString = 5B7878192AD191D500471A82;
			remoteInfo = ChatGPTSwiftUI;
		};
		5B7878392AD191D700471A82 /* PBXContainerItemProxy */ = {
			isa = PBXContainerItemProxy;
			containerPortal = 5B7878122AD191D500471A82 /* Project object */;
			proxyType = 1;
			remoteGlobalIDString = 5B7878192AD191D500471A82;
			remoteInfo = ChatGPTSwiftUI;
		};
/* End PBXContainerItemProxy section */

/* Begin PBXFileReference section */
		5B78781A2AD191D500471A82 /* ChatGPTSwiftUI.app */ = {isa = PBXFileReference; explicitFileType = wrapper.application; includeInIndex = 0; path = ChatGPTSwiftUI.app; sourceTree = BUILT_PRODUCTS_DIR; };
		5B78781D2AD191D500471A82 /* ChatGPTSwiftUIApp.swift */ = {isa = PBXFileReference; lastKnownFileType = sourcecode.swift; path = ChatGPTSwiftUIApp.swift; sourceTree = "<group>"; };
		5B78781F2AD191D500471A82 /* ContentView.swift */ = {isa = PBXFileReference; lastKnownFileType = sourcecode.swift; path = ContentView.swift; sourceTree = "<group>"; };
		5B7878212AD191D500471A82 /* Item.swift */ = {isa = PBXFileReference; lastKnownFileType = sourcecode.swift; path = Item.swift; sourceTree = "<group>"; };
		5B7878232AD191D700471A82 /* Assets.xcassets */ = {isa = PBXFileReference; lastKnownFileType = folder.assetcatalog; path = Assets.xcassets; sourceTree = "<group>"; };
		5B7878262AD191D700471A82 /* Preview Assets.xcassets */ = {isa = PBXFileReference; lastKnownFileType = folder.assetcatalog; path = "Preview Assets.xcassets"; sourceTree = "<group>"; };
		5B7878282AD191D700471A82 /* ChatGPTSwiftUI.entitlements */ = {isa = PBXFileReference; lastKnownFileType = text.plist.entitlements; path = ChatGPTSwiftUI.entitlements; sourceTree = "<group>"; };
		5B7878292AD191D700471A82 /* Info.plist */ = {isa = PBXFileReference; lastKnownFileType = text.plist.xml; path = Info.plist; sourceTree = "<group>"; };
		5B78782E2AD191D700471A82 /* ChatGPTSwiftUITests.xctest */ = {isa = PBXFileReference; explicitFileType = wrapper.cfbundle; includeInIndex = 0; path = ChatGPTSwiftUITests.xctest; sourceTree = BUILT_PRODUCTS_DIR; };
		5B7878322AD191D700471A82 /* ChatGPTSwiftUITests.swift */ = {isa = PBXFileReference; lastKnownFileType = sourcecode.swift; path = ChatGPTSwiftUITests.swift; sourceTree = "<group>"; };
		5B7878382AD191D700471A82 /* ChatGPTSwiftUIUITests.xctest */ = {isa = PBXFileReference; explicitFileType = wrapper.cfbundle; includeInIndex = 0; path = ChatGPTSwiftUIUITests.xctest; sourceTree = BUILT_PRODUCTS_DIR; };
		5B78783C2AD191D700471A82 /* ChatGPTSwiftUIUITests.swift */ = {isa = PBXFileReference; lastKnownFileType = sourcecode.swift; path = ChatGPTSwiftUIUITests.swift; sourceTree = "<group>"; };
		5B78783E2AD191D700471A82 /* ChatGPTSwiftUIUITestsLaunchTests.swift */ = {isa = PBXFileReference; lastKnownFileType = sourcecode.swift; path = ChatGPTSwiftUIUITestsLaunchTests.swift; sourceTree = "<group>"; };
/* End PBXFileReference section */

/* Begin PBXFrameworksBuildPhase section */
		5B7878172AD191D500471A82 /* Frameworks */ = {
			isa = PBXFrameworksBuildPhase;
			buildActionMask = 2147483647;
			files = (
			);
			runOnlyForDeploymentPostprocessing = 0;
		};
		5B78782B2AD191D700471A82 /* Frameworks */ = {
			isa = PBXFrameworksBuildPhase;
			buildActionMask = 2147483647;
			files = (
			);
			runOnlyForDeploymentPostprocessing = 0;
		};
		5B7878352AD191D700471A82 /* Frameworks */ = {
			isa = PBXFrameworksBuildPhase;
			buildActionMask = 2147483647;
			files = (
			);
			runOnlyForDeploymentPostprocessing = 0;
		};
/* End PBXFrameworksBuildPhase section */

/* Begin PBXGroup section */
		5B7878112AD191D500471A82 = {
			isa = PBXGroup;
			children = (
				5B78781C2AD191D500471A82 /* ChatGPTSwiftUI */,
				5B7878312AD191D700471A82 /* ChatGPTSwiftUITests */,
				5B78783B2AD191D700471A82 /* ChatGPTSwiftUIUITests */,
				5B78781B2AD191D500471A82 /* Products */,
			);
			sourceTree = "<group>";
		};
		5B78781B2AD191D500471A82 /* Products */ = {
			isa = PBXGroup;
			children = (
				5B78781A2AD191D500471A82 /* ChatGPTSwiftUI.app */,
				5B78782E2AD191D700471A82 /* ChatGPTSwiftUITests.xctest */,
				5B7878382AD191D700471A82 /* ChatGPTSwiftUIUITests.xctest */,
			);
			name = Products;
			sourceTree = "<group>";
		};
		5B78781C2AD191D500471A82 /* ChatGPTSwiftUI */ = {
			isa = PBXGroup;
			children = (
				5B78781D2AD191D500471A82 /* ChatGPTSwiftUIApp.swift */,
				5B78781F2AD191D500471A82 /* ContentView.swift */,
				5B7878212AD191D500471A82 /* Item.swift */,
				5B7878232AD191D700471A82 /* Assets.xcassets */,
				5B7878282AD191D700471A82 /* ChatGPTSwiftUI.entitlements */,
				5B7878292AD191D700471A82 /* Info.plist */,
				5B7878252AD191D700471A82 /* Preview Content */,
			);
			path = ChatGPTSwiftUI;
			sourceTree = "<group>";
		};
		5B7878252AD191D700471A82 /* Preview Content */ = {
			isa = PBXGroup;
			children = (
				5B7878262AD191D700471A82 /* Preview Assets.xcassets */,
			);
			path = "Preview Content";
			sourceTree = "<group>";
		};
		5B7878312AD191D700471A82 /* ChatGPTSwiftUITests */ = {
			isa = PBXGroup;
			children = (
				5B7878322AD191D700471A82 /* ChatGPTSwiftUITests.swift */,
			);
			path = ChatGPTSwiftUITests;
			sourceTree = "<group>";
		};
		5B78783B2AD191D700471A82 /* ChatGPTSwiftUIUITests */ = {
			isa = PBXGroup;
			children = (
				5B78783C2AD191D700471A82 /* ChatGPTSwiftUIUITests.swift */,
				5B78783E2AD191D700471A82 /* ChatGPTSwiftUIUITestsLaunchTests.swift */,
			);
			path = ChatGPTSwiftUIUITests;
			sourceTree = "<group>";
		};
/* End PBXGroup section */

/* Begin PBXNativeTarget section */
		5B7878192AD191D500471A82 /* ChatGPTSwiftUI */ = {
			isa = PBXNativeTarget;
			buildConfigurationList = 5B7878422AD191D700471A82 /* Build configuration list for PBXNativeTarget "ChatGPTSwiftUI" */;
			buildPhases = (
				5B7878162AD191D500471A82 /* Sources */,
				5B7878172AD191D500471A82 /* Frameworks */,
				5B7878182AD191D500471A82 /* Resources */,
			);
			buildRules = (
			);
			dependencies = (
			);
			name = ChatGPTSwiftUI;
			productName = ChatGPTSwiftUI;
			productReference = 5B78781A2AD191D500471A82 /* ChatGPTSwiftUI.app */;
			productType = "com.apple.product-type.application";
		};
		5B78782D2AD191D700471A82 /* ChatGPTSwiftUITests */ = {
			isa = PBXNativeTarget;
			buildConfigurationList = 5B7878452AD191D700471A82 /* Build configuration list for PBXNativeTarget "ChatGPTSwiftUITests" */;
			buildPhases = (
				5B78782A2AD191D700471A82 /* Sources */,
				5B78782B2AD191D700471A82 /* Frameworks */,
				5B78782C2AD191D700471A82 /* Resources */,
			);
			buildRules = (
			);
			dependencies = (
				5B7878302AD191D700471A82 /* PBXTargetDependency */,
			);
			name = ChatGPTSwiftUITests;
			productName = ChatGPTSwiftUITests;
			productReference = 5B78782E2AD191D700471A82 /* ChatGPTSwiftUITests.xctest */;
			productType = "com.apple.product-type.bundle.unit-test";
		};
		5B7878372AD191D700471A82 /* ChatGPTSwiftUIUITests */ = {
			isa = PBXNativeTarget;
			buildConfigurationList = 5B7878482AD191D700471A82 /* Build configuration list for PBXNativeTarget "ChatGPTSwiftUIUITests" */;
			buildPhases = (
				5B7878342AD191D700471A82 /* Sources */,
				5B7878352AD191D700471A82 /* Frameworks */,
				5B7878362AD191D700471A82 /* Resources */,
			);
			buildRules = (
			);
			dependencies = (
				5B78783A2AD191D700471A82 /* PBXTargetDependency */,
			);
			name = ChatGPTSwiftUIUITests;
			productName = ChatGPTSwiftUIUITests;
			productReference = 5B7878382AD191D700471A82 /* ChatGPTSwiftUIUITests.xctest */;
			productType = "com.apple.product-type.bundle.ui-testing";
		};
/* End PBXNativeTarget section */

/* Begin PBXProject section */
		5B7878122AD191D500471A82 /* Project object */ = {
			isa = PBXProject;
			attributes = {
				BuildIndependentTargetsInParallel = 1;
				LastSwiftUpdateCheck = 1500;
				LastUpgradeCheck = 1500;
				TargetAttributes = {
					5B7878192AD191D500471A82 = {
						CreatedOnToolsVersion = 15.0;
					};
					5B78782D2AD191D700471A82 = {
						CreatedOnToolsVersion = 15.0;
						TestTargetID = 5B7878192AD191D500471A82;
					};
					5B7878372AD191D700471A82 = {
						CreatedOnToolsVersion = 15.0;
						TestTargetID = 5B7878192AD191D500471A82;
					};
				};
			};
			buildConfigurationList = 5B7878152AD191D500471A82 /* Build configuration list for PBXProject "ChatGPTSwiftUI" */;
			compatibilityVersion = "Xcode 14.0";
			developmentRegion = en;
			hasScannedForEncodings = 0;
			knownRegions = (
				en,
				Base,
			);
			mainGroup = 5B7878112AD191D500471A82;
			productRefGroup = 5B78781B2AD191D500471A82 /* Products */;
			projectDirPath = "";
			projectRoot = "";
			targets = (
				5B7878192AD191D500471A82 /* ChatGPTSwiftUI */,
				5B78782D2AD191D700471A82 /* ChatGPTSwiftUITests */,
				5B7878372AD191D700471A82 /* ChatGPTSwiftUIUITests */,
			);
		};
/* End PBXProject section */

/* Begin PBXResourcesBuildPhase section */
		5B7878182AD191D500471A82 /* Resources */ = {
			isa = PBXResourcesBuildPhase;
			buildActionMask = 2147483647;
			files = (
				5B7878272AD191D700471A82 /* Preview Assets.xcassets in Resources */,
				5B7878242AD191D700471A82 /* Assets.xcassets in Resources */,
			);
			runOnlyForDeploymentPostprocessing = 0;
		};
		5B78782C2AD191D700471A82 /* Resources */ = {
			isa = PBXResourcesBuildPhase;
			buildActionMask = 2147483647;
			files = (
			);
			runOnlyForDeploymentPostprocessing = 0;
		};
		5B7878362AD191D700471A82 /* Resources */ = {
			isa = PBXResourcesBuildPhase;
			buildActionMask = 2147483647;
			files = (
			);
			runOnlyForDeploymentPostprocessing = 0;
		};
/* End PBXResourcesBuildPhase section */

/* Begin PBXSourcesBuildPhase section */
		5B7878162AD191D500471A82 /* Sources */ = {
			isa = PBXSourcesBuildPhase;
			buildActionMask = 2147483647;
			files = (
				5B7878202AD191D500471A82 /* ContentView.swift in Sources */,
				5B7878222AD191D500471A82 /* Item.swift in Sources */,
				5B78781E2AD191D500471A82 /* ChatGPTSwiftUIApp.swift in Sources */,
			);
			runOnlyForDeploymentPostprocessing = 0;
		};
		5B78782A2AD191D700471A82 /* Sources */ = {
			isa = PBXSourcesBuildPhase;
			buildActionMask = 2147483647;
			files = (
				5B7878332AD191D700471A82 /* ChatGPTSwiftUITests.swift in Sources */,
			);
			runOnlyForDeploymentPostprocessing = 0;
		};
		5B7878342AD191D700471A82 /* Sources */ = {
			isa = PBXSourcesBuildPhase;
			buildActionMask = 2147483647;
			files = (
				5B78783F2AD191D700471A82 /* ChatGPTSwiftUIUITestsLaunchTests.swift in Sources */,
				5B78783D2AD191D700471A82 /* ChatGPTSwiftUIUITests.swift in Sources */,
			);
			runOnlyForDeploymentPostprocessing = 0;
		};
/* End PBXSourcesBuildPhase section */

/* Begin PBXTargetDependency section */
		5B7878302AD191D700471A82 /* PBXTargetDependency */ = {
			isa = PBXTargetDependency;
			target = 5B7878192AD191D500471A82 /* ChatGPTSwiftUI */;
			targetProxy = 5B78782F2AD191D700471A82 /* PBXContainerItemProxy */;
		};
		5B78783A2AD191D700471A82 /* PBXTargetDependency */ = {
			isa = PBXTargetDependency;
			target = 5B7878192AD191D500471A82 /* ChatGPTSwiftUI */;
			targetProxy = 5B7878392AD191D700471A82 /* PBXContainerItemProxy */;
		};
/* End PBXTargetDependency section */

/* Begin XCBuildConfiguration section */
		5B7878402AD191D700471A82 /* Debug */ = {
			isa = XCBuildConfiguration;
			buildSettings = {
				ALWAYS_SEARCH_USER_PATHS = NO;
				ASSETCATALOG_COMPILER_GENERATE_SWIFT_ASSET_SYMBOL_EXTENSIONS = YES;
				CLANG_ANALYZER_NONNULL = YES;
				CLANG_ANALYZER_NUMBER_OBJECT_CONVERSION = YES_AGGRESSIVE;
				CLANG_CXX_LANGUAGE_STANDARD = "gnu++20";
				CLANG_ENABLE_MODULES = YES;
				CLANG_ENABLE_OBJC_ARC = YES;
				CLANG_ENABLE_OBJC_WEAK = YES;
				CLANG_WARN_BLOCK_CAPTURE_AUTORELEASING = YES;
				CLANG_WARN_BOOL_CONVERSION = YES;
				CLANG_WARN_COMMA = YES;
				CLANG_WARN_CONSTANT_CONVERSION = YES;
				CLANG_WARN_DEPRECATED_OBJC_IMPLEMENTATIONS = YES;
				CLANG_WARN_DIRECT_OBJC_ISA_USAGE = YES_ERROR;
				CLANG_WARN_DOCUMENTATION_COMMENTS = YES;
				CLANG_WARN_EMPTY_BODY = YES;
				CLANG_WARN_ENUM_CONVERSION = YES;
				CLANG_WARN_INFINITE_RECURSION = YES;
				CLANG_WARN_INT_CONVERSION = YES;
				CLANG_WARN_NON_LITERAL_NULL_CONVERSION = YES;
				CLANG_WARN_OBJC_IMPLICIT_RETAIN_SELF = YES;
				CLANG_WARN_OBJC_LITERAL_CONVERSION = YES;
				CLANG_WARN_OBJC_ROOT_CLASS = YES_ERROR;
				CLANG_WARN_QUOTED_INCLUDE_IN_FRAMEWORK_HEADER = YES;
				CLANG_WARN_RANGE_LOOP_ANALYSIS = YES;
				CLANG_WARN_STRICT_PROTOTYPES = YES;
				CLANG_WARN_SUSPICIOUS_MOVE = YES;
				CLANG_WARN_UNGUARDED_AVAILABILITY = YES_AGGRESSIVE;
				CLANG_WARN_UNREACHABLE_CODE = YES;
				CLANG_WARN__DUPLICATE_METHOD_MATCH = YES;
				COPY_PHASE_STRIP = NO;
				DEBUG_INFORMATION_FORMAT = dwarf;
				ENABLE_STRICT_OBJC_MSGSEND = YES;
				ENABLE_TESTABILITY = YES;
				ENABLE_USER_SCRIPT_SANDBOXING = YES;
				GCC_C_LANGUAGE_STANDARD = gnu17;
				GCC_DYNAMIC_NO_PIC = NO;
				GCC_NO_COMMON_BLOCKS = YES;
				GCC_OPTIMIZATION_LEVEL = 0;
				GCC_PREPROCESSOR_DEFINITIONS = (
					"DEBUG=1",
					"$(inherited)",
				);
				GCC_WARN_64_TO_32_BIT_CONVERSION = YES;
				GCC_WARN_ABOUT_RETURN_TYPE = YES_ERROR;
				GCC_WARN_UNDECLARED_SELECTOR = YES;
				GCC_WARN_UNINITIALIZED_AUTOS = YES_AGGRESSIVE;
				GCC_WARN_UNUSED_FUNCTION = YES;
				GCC_WARN_UNUSED_VARIABLE = YES;
				IPHONEOS_DEPLOYMENT_TARGET = 17.0;
				LOCALIZATION_PREFERS_STRING_CATALOGS = YES;
				MTL_ENABLE_DEBUG_INFO = INCLUDE_SOURCE;
				MTL_FAST_MATH = YES;
				ONLY_ACTIVE_ARCH = YES;
				SDKROOT = iphoneos;
				SWIFT_ACTIVE_COMPILATION_CONDITIONS = "DEBUG $(inherited)";
				SWIFT_OPTIMIZATION_LEVEL = "-Onone";
			};
			name = Debug;
		};
		5B7878412AD191D700471A82 /* Release */ = {
			isa = XCBuildConfiguration;
			buildSettings = {
				ALWAYS_SEARCH_USER_PATHS = NO;
				ASSETCATALOG_COMPILER_GENERATE_SWIFT_ASSET_SYMBOL_EXTENSIONS = YES;
				CLANG_ANALYZER_NONNULL = YES;
				CLANG_ANALYZER_NUMBER_OBJECT_CONVERSION = YES_AGGRESSIVE;
				CLANG_CXX_LANGUAGE_STANDARD = "gnu++20";
				CLANG_ENABLE_MODULES = YES;
				CLANG_ENABLE_OBJC_ARC = YES;
				CLANG_ENABLE_OBJC_WEAK = YES;
				CLANG_WARN_BLOCK_CAPTURE_AUTORELEASING = YES;
				CLANG_WARN_BOOL_CONVERSION = YES;
				CLANG_WARN_COMMA = YES;
				CLANG_WARN_CONSTANT_CONVERSION = YES;
				CLANG_WARN_DEPRECATED_OBJC_IMPLEMENTATIONS = YES;
				CLANG_WARN_DIRECT_OBJC_ISA_USAGE = YES_ERROR;
				CLANG_WARN_DOCUMENTATION_COMMENTS = YES;
				CLANG_WARN_EMPTY_BODY = YES;
				CLANG_WARN_ENUM_CONVERSION = YES;
				CLANG_WARN_INFINITE_RECURSION = YES;
				CLANG_WARN_INT_CONVERSION = YES;
				CLANG_WARN_NON_LITERAL_NULL_CONVERSION = YES;
				CLANG_WARN_OBJC_IMPLICIT_RETAIN_SELF = YES;
				CLANG_WARN_OBJC_LITERAL_CONVERSION = YES;
				CLANG_WARN_OBJC_ROOT_CLASS = YES_ERROR;
				CLANG_WARN_QUOTED_INCLUDE_IN_FRAMEWORK_HEADER = YES;
				CLANG_WARN_RANGE_LOOP_ANALYSIS = YES;
				CLANG_WARN_STRICT_PROTOTYPES = YES;
				CLANG_WARN_SUSPICIOUS_MOVE = YES;
				CLANG_WARN_UNGUARDED_AVAILABILITY = YES_AGGRESSIVE;
				CLANG_WARN_UNREACHABLE_CODE = YES;
				CLANG_WARN__DUPLICATE_METHOD_MATCH = YES;
				COPY_PHASE_STRIP = NO;
				DEBUG_INFORMATION_FORMAT = "dwarf-with-dsym";
				ENABLE_NS_ASSERTIONS = NO;
				ENABLE_STRICT_OBJC_MSGSEND = YES;
				ENABLE_USER_SCRIPT_SANDBOXING = YES;
				GCC_C_LANGUAGE_STANDARD = gnu17;
				GCC_NO_COMMON_BLOCKS = YES;
				GCC_WARN_64_TO_32_BIT_CONVERSION = YES;
				GCC_WARN_ABOUT_RETURN_TYPE = YES_ERROR;
				GCC_WARN_UNDECLARED_SELECTOR = YES;
				GCC_WARN_UNINITIALIZED_AUTOS = YES_AGGRESSIVE;
				GCC_WARN_UNUSED_FUNCTION = YES;
				GCC_WARN_UNUSED_VARIABLE = YES;
				IPHONEOS_DEPLOYMENT_TARGET = 17.0;
				LOCALIZATION_PREFERS_STRING_CATALOGS = YES;
				MTL_ENABLE_DEBUG_INFO = NO;
				MTL_FAST_MATH = YES;
				SDKROOT = iphoneos;
				SWIFT_COMPILATION_MODE = wholemodule;
				VALIDATE_PRODUCT = YES;
			};
			name = Release;
		};
		5B7878432AD191D700471A82 /* Debug */ = {
			isa = XCBuildConfiguration;
			buildSettings = {
				ASSETCATALOG_COMPILER_APPICON_NAME = AppIcon;
				ASSETCATALOG_COMPILER_GLOBAL_ACCENT_COLOR_NAME = AccentColor;
				CODE_SIGN_ENTITLEMENTS = ChatGPTSwiftUI/ChatGPTSwiftUI.entitlements;
				CODE_SIGN_STYLE = Automatic;
				CURRENT_PROJECT_VERSION = 1;
				DEVELOPMENT_ASSET_PATHS = "\"ChatGPTSwiftUI/Preview Content\"";
				DEVELOPMENT_TEAM = 4P26N9HV6K;
				ENABLE_PREVIEWS = YES;
				GENERATE_INFOPLIST_FILE = YES;
				INFOPLIST_FILE = ChatGPTSwiftUI/Info.plist;
				INFOPLIST_KEY_UIApplicationSceneManifest_Generation = YES;
				INFOPLIST_KEY_UIApplicationSupportsIndirectInputEvents = YES;
				INFOPLIST_KEY_UILaunchScreen_Generation = YES;
				INFOPLIST_KEY_UISupportedInterfaceOrientations_iPad = "UIInterfaceOrientationPortrait UIInterfaceOrientationPortraitUpsideDown UIInterfaceOrientationLandscapeLeft UIInterfaceOrientationLandscapeRight";
				INFOPLIST_KEY_UISupportedInterfaceOrientations_iPhone = "UIInterfaceOrientationPortrait UIInterfaceOrientationLandscapeLeft UIInterfaceOrientationLandscapeRight";
				LD_RUNPATH_SEARCH_PATHS = (
					"$(inherited)",
					"@executable_path/Frameworks",
				);
				MARKETING_VERSION = 1.0;
				PRODUCT_BUNDLE_IDENTIFIER = com.pelinaybar.ChatGPTSwiftUI;
				PRODUCT_NAME = "$(TARGET_NAME)";
				SWIFT_EMIT_LOC_STRINGS = YES;
				SWIFT_VERSION = 5.0;
				TARGETED_DEVICE_FAMILY = "1,2";
			};
			name = Debug;
		};
		5B7878442AD191D700471A82 /* Release */ = {
			isa = XCBuildConfiguration;
			buildSettings = {
				ASSETCATALOG_COMPILER_APPICON_NAME = AppIcon;
				ASSETCATALOG_COMPILER_GLOBAL_ACCENT_COLOR_NAME = AccentColor;
				CODE_SIGN_ENTITLEMENTS = ChatGPTSwiftUI/ChatGPTSwiftUI.entitlements;
				CODE_SIGN_STYLE = Automatic;
				CURRENT_PROJECT_VERSION = 1;
				DEVELOPMENT_ASSET_PATHS = "\"ChatGPTSwiftUI/Preview Content\"";
				DEVELOPMENT_TEAM = 4P26N9HV6K;
				ENABLE_PREVIEWS = YES;
				GENERATE_INFOPLIST_FILE = YES;
				INFOPLIST_FILE = ChatGPTSwiftUI/Info.plist;
				INFOPLIST_KEY_UIApplicationSceneManifest_Generation = YES;
				INFOPLIST_KEY_UIApplicationSupportsIndirectInputEvents = YES;
				INFOPLIST_KEY_UILaunchScreen_Generation = YES;
				INFOPLIST_KEY_UISupportedInterfaceOrientations_iPad = "UIInterfaceOrientationPortrait UIInterfaceOrientationPortraitUpsideDown UIInterfaceOrientationLandscapeLeft UIInterfaceOrientationLandscapeRight";
				INFOPLIST_KEY_UISupportedInterfaceOrientations_iPhone = "UIInterfaceOrientationPortrait UIInterfaceOrientationLandscapeLeft UIInterfaceOrientationLandscapeRight";
				LD_RUNPATH_SEARCH_PATHS = (
					"$(inherited)",
					"@executable_path/Frameworks",
				);
				MARKETING_VERSION = 1.0;
				PRODUCT_BUNDLE_IDENTIFIER = com.pelinaybar.ChatGPTSwiftUI;
				PRODUCT_NAME = "$(TARGET_NAME)";
				SWIFT_EMIT_LOC_STRINGS = YES;
				SWIFT_VERSION = 5.0;
				TARGETED_DEVICE_FAMILY = "1,2";
			};
			name = Release;
		};
		5B7878462AD191D700471A82 /* Debug */ = {
			isa = XCBuildConfiguration;
			buildSettings = {
				ALWAYS_EMBED_SWIFT_STANDARD_LIBRARIES = YES;
				BUNDLE_LOADER = "$(TEST_HOST)";
				CODE_SIGN_STYLE = Automatic;
				CURRENT_PROJECT_VERSION = 1;
				DEVELOPMENT_TEAM = 4P26N9HV6K;
				GENERATE_INFOPLIST_FILE = YES;
				IPHONEOS_DEPLOYMENT_TARGET = 17.0;
				MARKETING_VERSION = 1.0;
				PRODUCT_BUNDLE_IDENTIFIER = com.pelinaybar.ChatGPTSwiftUITests;
				PRODUCT_NAME = "$(TARGET_NAME)";
				SWIFT_EMIT_LOC_STRINGS = NO;
				SWIFT_VERSION = 5.0;
				TARGETED_DEVICE_FAMILY = "1,2";
				TEST_HOST = "$(BUILT_PRODUCTS_DIR)/ChatGPTSwiftUI.app/$(BUNDLE_EXECUTABLE_FOLDER_PATH)/ChatGPTSwiftUI";
			};
			name = Debug;
		};
		5B7878472AD191D700471A82 /* Release */ = {
			isa = XCBuildConfiguration;
			buildSettings = {
				ALWAYS_EMBED_SWIFT_STANDARD_LIBRARIES = YES;
				BUNDLE_LOADER = "$(TEST_HOST)";
				CODE_SIGN_STYLE = Automatic;
				CURRENT_PROJECT_VERSION = 1;
				DEVELOPMENT_TEAM = 4P26N9HV6K;
				GENERATE_INFOPLIST_FILE = YES;
				IPHONEOS_DEPLOYMENT_TARGET = 17.0;
				MARKETING_VERSION = 1.0;
				PRODUCT_BUNDLE_IDENTIFIER = com.pelinaybar.ChatGPTSwiftUITests;
				PRODUCT_NAME = "$(TARGET_NAME)";
				SWIFT_EMIT_LOC_STRINGS = NO;
				SWIFT_VERSION = 5.0;
				TARGETED_DEVICE_FAMILY = "1,2";
				TEST_HOST = "$(BUILT_PRODUCTS_DIR)/ChatGPTSwiftUI.app/$(BUNDLE_EXECUTABLE_FOLDER_PATH)/ChatGPTSwiftUI";
			};
			name = Release;
		};
		5B7878492AD191D700471A82 /* Debug */ = {
			isa = XCBuildConfiguration;
			buildSettings = {
				ALWAYS_EMBED_SWIFT_STANDARD_LIBRARIES = YES;
				CODE_SIGN_STYLE = Automatic;
				CURRENT_PROJECT_VERSION = 1;
				DEVELOPMENT_TEAM = 4P26N9HV6K;
				GENERATE_INFOPLIST_FILE = YES;
				MARKETING_VERSION = 1.0;
				PRODUCT_BUNDLE_IDENTIFIER = com.pelinaybar.ChatGPTSwiftUIUITests;
				PRODUCT_NAME = "$(TARGET_NAME)";
				SWIFT_EMIT_LOC_STRINGS = NO;
				SWIFT_VERSION = 5.0;
				TARGETED_DEVICE_FAMILY = "1,2";
				TEST_TARGET_NAME = ChatGPTSwiftUI;
			};
			name = Debug;
		};
		5B78784A2AD191D700471A82 /* Release */ = {
			isa = XCBuildConfiguration;
			buildSettings = {
				ALWAYS_EMBED_SWIFT_STANDARD_LIBRARIES = YES;
				CODE_SIGN_STYLE = Automatic;
				CURRENT_PROJECT_VERSION = 1;
				DEVELOPMENT_TEAM = 4P26N9HV6K;
				GENERATE_INFOPLIST_FILE = YES;
				MARKETING_VERSION = 1.0;
				PRODUCT_BUNDLE_IDENTIFIER = com.pelinaybar.ChatGPTSwiftUIUITests;
				PRODUCT_NAME = "$(TARGET_NAME)";
				SWIFT_EMIT_LOC_STRINGS = NO;
				SWIFT_VERSION = 5.0;
				TARGETED_DEVICE_FAMILY = "1,2";
				TEST_TARGET_NAME = ChatGPTSwiftUI;
			};
			name = Release;
		};
/* End XCBuildConfiguration section */

/* Begin XCConfigurationList section */
		5B7878152AD191D500471A82 /* Build configuration list for PBXProject "ChatGPTSwiftUI" */ = {
			isa = XCConfigurationList;
			buildConfigurations = (
				5B7878402AD191D700471A82 /* Debug */,
				5B7878412AD191D700471A82 /* Release */,
			);
			defaultConfigurationIsVisible = 0;
			defaultConfigurationName = Release;
		};
		5B7878422AD191D700471A82 /* Build configuration list for PBXNativeTarget "ChatGPTSwiftUI" */ = {
			isa = XCConfigurationList;
			buildConfigurations = (
				5B7878432AD191D700471A82 /* Debug */,
				5B7878442AD191D700471A82 /* Release */,
			);
			defaultConfigurationIsVisible = 0;
			defaultConfigurationName = Release;
		};
		5B7878452AD191D700471A82 /* Build configuration list for PBXNativeTarget "ChatGPTSwiftUITests" */ = {
			isa = XCConfigurationList;
			buildConfigurations = (
				5B7878462AD191D700471A82 /* Debug */,
				5B7878472AD191D700471A82 /* Release */,
			);
			defaultConfigurationIsVisible = 0;
			defaultConfigurationName = Release;
		};
		5B7878482AD191D700471A82 /* Build configuration list for PBXNativeTarget "ChatGPTSwiftUIUITests" */ = {
			isa = XCConfigurationList;
			buildConfigurations = (
				5B7878492AD191D700471A82 /* Debug */,
				5B78784A2AD191D700471A82 /* Release */,
			);
			defaultConfigurationIsVisible = 0;
			defaultConfigurationName = Release;
		};
/* End XCConfigurationList section */
	};
	rootObject = 5B7878122AD191D500471A82 /* Project object */;
}
